
Microsoft Visual Studio Solution File, Format Version 12.00
# Visual Studio Version 17
VisualStudioVersion = 17.5.002.0
MinimumVisualStudioVersion = 10.0.40219.1
Project("{2150E333-8FDC-42A3-9474-1A3956D46DE8}") = "Control_Work_1", "Control_Work_1", "{9856CE7C-CDAB-47A5-9B16-EC24B3A33913}"
EndProject
Project("{9A19103F-16F7-4668-BE54-9A1E7A4F7556}") = "Task", "Control_Work_1\Task\Task.csproj", "{B98C517C-36B7-4791-AE24-AAB3DEA0AA9F}"
EndProject
Global
	GlobalSection(SolutionConfigurationPlatforms) = preSolution
		Debug|Any CPU = Debug|Any CPU
		Release|Any CPU = Release|Any CPU
	EndGlobalSection
	GlobalSection(ProjectConfigurationPlatforms) = postSolution
		{B98C517C-36B7-4791-AE24-AAB3DEA0AA9F}.Debug|Any CPU.ActiveCfg = Debug|Any CPU
		{B98C517C-36B7-4791-AE24-AAB3DEA0AA9F}.Debug|Any CPU.Build.0 = Debug|Any CPU
		{B98C517C-36B7-4791-AE24-AAB3DEA0AA9F}.Release|Any CPU.ActiveCfg = Release|Any CPU
		{B98C517C-36B7-4791-AE24-AAB3DEA0AA9F}.Release|Any CPU.Build.0 = Release|Any CPU
	EndGlobalSection
	GlobalSection(SolutionProperties) = preSolution
		HideSolutionNode = FALSE
	EndGlobalSection
	GlobalSection(NestedProjects) = preSolution
		{B98C517C-36B7-4791-AE24-AAB3DEA0AA9F} = {9856CE7C-CDAB-47A5-9B16-EC24B3A33913}
	EndGlobalSection
	GlobalSection(ExtensibilityGlobals) = postSolution
		SolutionGuid = {2A538A36-CD59-43E9-813A-ECB1BEEDC30F}
	EndGlobalSection
EndGlobal
